{
  "version": 4,
  "terraform_version": "1.15.5",
  "serial": 241,
  "lineage": "4e80d18e-3c4b-7941-f72f-61ae1e7bc312",
  "outputs": {},
  "resources": [
    {
      "module": "module.storage",
      "mode": "managed",
      "type": "aws_ecr_repository",
      "name": "backend",
      "provider": "provider[\"registry.terraform.io/hashicorp/aws\"]",
      "instances": [
        {
          "schema_version": 0,
          "attributes": {
            "arn": "arn:aws:ecr:us-east-1:641240771475:repository/starttech-backend-api",
            "encryption_configuration": [
              {
                "encryption_type": "AES256",
                "kms_key": ""
              }
            ],
            "force_delete": null,
            "id": "starttech-backend-api",
            "image_scanning_configuration": [
              {
                "scan_on_push": true
              }
            ],
            "image_tag_mutability": "MUTABLE",
            "name": "starttech-backend-api",
            "registry_id": "641240771475",
            "repository_url": "641240771475.dkr.ecr.us-east-1.amazonaws.com/starttech-backend-api",
            "tags": {
              "Name": "starttech-backend-api"
            },
            "tags_all": {
              "Name": "starttech-backend-api"
            },
            "timeouts": null
          },
          "sensitive_attributes": [],
          "identity_schema_version": 0,
          "private": "eyJlMmJmYjczMC1lY2FhLTExZTYtOGY4OC0zNDM2M2JjN2M0YzAiOnsiZGVsZXRlIjoxMjAwMDAwMDAwMDAwfX0="
        }
      ]
    }
  ],
  "check_results": null
}
